
Microsoft Visual Studio Solution File, Format Version 12.00
# Visual Studio Version 16
VisualStudioVersion = 16.0.30011.22
MinimumVisualStudioVersion = 10.0.40219.1
Project("{9A19103F-16F7-4668-BE54-9A1E7A4F7556}") = "eKino.WebAPI", "eKino.WebAPI\eKino.WebAPI.csproj", "{57625C6E-1FAE-4AA9-B786-1B68A2B0A8C4}"
EndProject
Project("{9A19103F-16F7-4668-BE54-9A1E7A4F7556}") = "eKino.Model", "eKino.Model\eKino.Model.csproj", "{18406D42-B6C4-4701-B1A9-46BF30B044FE}"
EndProject
Project("{2150E333-8FDC-42A3-9474-1A3956D46DE8}") = "UI", "UI", "{46C66454-7249-4F96-B046-3A1DF20D13CB}"
EndProject
Project("{2150E333-8FDC-42A3-9474-1A3956D46DE8}") = "Mobile", "Mobile", "{B91CD694-5CD0-4EB1-9011-BD112DB84581}"
EndProject
Project("{FAE04EC0-301F-11D3-BF4B-00C04F79EFBC}") = "eKino.WinUI", "eKino.WinUI\eKino.WinUI.csproj", "{BA1A3A65-1E7E-45AA-8C2F-6795FD972CD2}"
EndProject
Project("{FAE04EC0-301F-11D3-BF4B-00C04F79EFBC}") = "eKino.Mobile.UWP", "eKino.Mobile\eKino.Mobile.UWP\eKino.Mobile.UWP.csproj", "{49C854DB-77F6-4C37-9126-4686C8E73D52}"
EndProject
Project("{FAE04EC0-301F-11D3-BF4B-00C04F79EFBC}") = "eKino.Mobile.Android", "eKino.Mobile\eKino.Mobile.Android\eKino.Mobile.Android.csproj", "{6444377C-074F-45B8-A7DE-5B5A760DF62D}"
EndProject
Project("{FAE04EC0-301F-11D3-BF4B-00C04F79EFBC}") = "eKino.Mobile.iOS", "eKino.Mobile\eKino.Mobile.iOS\eKino.Mobile.iOS.csproj", "{DEA08EF6-E25F-4F0E-B673-CE4901130903}"
EndProject
Project("{FAE04EC0-301F-11D3-BF4B-00C04F79EFBC}") = "eKino.Mobile", "eKino.Mobile\eKino.Mobile\eKino.Mobile.csproj", "{726715ED-EE78-407E-8596-CADC9990FFED}"
EndProject
Global
	GlobalSection(SolutionConfigurationPlatforms) = preSolution
		Debug|Any CPU = Debug|Any CPU
		Debug|ARM = Debug|ARM
		Debug|iPhone = Debug|iPhone
		Debug|iPhoneSimulator = Debug|iPhoneSimulator
		Debug|x64 = Debug|x64
		Debug|x86 = Debug|x86
		Release|Any CPU = Release|Any CPU
		Release|ARM = Release|ARM
		Release|iPhone = Release|iPhone
		Release|iPhoneSimulator = Release|iPhoneSimulator
		Release|x64 = Release|x64
		Release|x86 = Release|x86
	EndGlobalSection
	GlobalSection(ProjectConfigurationPlatforms) = postSolution
		{57625C6E-1FAE-4AA9-B786-1B68A2B0A8C4}.Debug|Any CPU.ActiveCfg = Debug|Any CPU
		{57625C6E-1FAE-4AA9-B786-1B68A2B0A8C4}.Debug|Any CPU.Build.0 = Debug|Any CPU
		{57625C6E-1FAE-4AA9-B786-1B68A2B0A8C4}.Debug|ARM.ActiveCfg = Debug|Any CPU
		{57625C6E-1FAE-4AA9-B786-1B68A2B0A8C4}.Debug|ARM.Build.0 = Debug|Any CPU
		{57625C6E-1FAE-4AA9-B786-1B68A2B0A8C4}.Debug|iPhone.ActiveCfg = Debug|Any CPU
		{57625C6E-1FAE-4AA9-B786-1B68A2B0A8C4}.Debug|iPhone.Build.0 = Debug|Any CPU
		{57625C6E-1FAE-4AA9-B786-1B68A2B0A8C4}.Debug|iPhoneSimulator.ActiveCfg = Debug|Any CPU
		{57625C6E-1FAE-4AA9-B786-1B68A2B0A8C4}.Debug|iPhoneSimulator.Build.0 = Debug|Any CPU
		{57625C6E-1FAE-4AA9-B786-1B68A2B0A8C4}.Debug|x64.ActiveCfg = Debug|Any CPU
		{57625C6E-1FAE-4AA9-B786-1B68A2B0A8C4}.Debug|x64.Build.0 = Debug|Any CPU
		{57625C6E-1FAE-4AA9-B786-1B68A2B0A8C4}.Debug|x86.ActiveCfg = Debug|Any CPU
		{57625C6E-1FAE-4AA9-B786-1B68A2B0A8C4}.Debug|x86.Build.0 = Debug|Any CPU
		{57625C6E-1FAE-4AA9-B786-1B68A2B0A8C4}.Release|Any CPU.ActiveCfg = Release|Any CPU
		{57625C6E-1FAE-4AA9-B786-1B68A2B0A8C4}.Release|Any CPU.Build.0 = Release|Any CPU
		{57625C6E-1FAE-4AA9-B786-1B68A2B0A8C4}.Release|ARM.ActiveCfg = Release|Any CPU
		{57625C6E-1FAE-4AA9-B786-1B68A2B0A8C4}.Release|ARM.Build.0 = Release|Any CPU
		{57625C6E-1FAE-4AA9-B786-1B68A2B0A8C4}.Release|iPhone.ActiveCfg = Release|Any CPU
		{57625C6E-1FAE-4AA9-B786-1B68A2B0A8C4}.Release|iPhone.Build.0 = Release|Any CPU
		{57625C6E-1FAE-4AA9-B786-1B68A2B0A8C4}.Release|iPhoneSimulator.ActiveCfg = Release|Any CPU
		{57625C6E-1FAE-4AA9-B786-1B68A2B0A8C4}.Release|iPhoneSimulator.Build.0 = Release|Any CPU
		{57625C6E-1FAE-4AA9-B786-1B68A2B0A8C4}.Release|x64.ActiveCfg = Release|Any CPU
		{57625C6E-1FAE-4AA9-B786-1B68A2B0A8C4}.Release|x64.Build.0 = Release|Any CPU
		{57625C6E-1FAE-4AA9-B786-1B68A2B0A8C4}.Release|x86.ActiveCfg = Release|Any CPU
		{57625C6E-1FAE-4AA9-B786-1B68A2B0A8C4}.Release|x86.Build.0 = Release|Any CPU
		{18406D42-B6C4-4701-B1A9-46BF30B044FE}.Debug|Any CPU.ActiveCfg = Debug|Any CPU
		{18406D42-B6C4-4701-B1A9-46BF30B044FE}.Debug|Any CPU.Build.0 = Debug|Any CPU
		{18406D42-B6C4-4701-B1A9-46BF30B044FE}.Debug|ARM.ActiveCfg = Debug|Any CPU
		{18406D42-B6C4-4701-B1A9-46BF30B044FE}.Debug|ARM.Build.0 = Debug|Any CPU
		{18406D42-B6C4-4701-B1A9-46BF30B044FE}.Debug|iPhone.ActiveCfg = Debug|Any CPU
		{18406D42-B6C4-4701-B1A9-46BF30B044FE}.Debug|iPhone.Build.0 = Debug|Any CPU
		{18406D42-B6C4-4701-B1A9-46BF30B044FE}.Debug|iPhoneSimulator.ActiveCfg = Debug|Any CPU
		{18406D42-B6C4-4701-B1A9-46BF30B044FE}.Debug|iPhoneSimulator.Build.0 = Debug|Any CPU
		{18406D42-B6C4-4701-B1A9-46BF30B044FE}.Debug|x64.ActiveCfg = Debug|Any CPU
		{18406D42-B6C4-4701-B1A9-46BF30B044FE}.Debug|x64.Build.0 = Debug|Any CPU
		{18406D42-B6C4-4701-B1A9-46BF30B044FE}.Debug|x86.ActiveCfg = Debug|Any CPU
		{18406D42-B6C4-4701-B1A9-46BF30B044FE}.Debug|x86.Build.0 = Debug|Any CPU
		{18406D42-B6C4-4701-B1A9-46BF30B044FE}.Release|Any CPU.ActiveCfg = Release|Any CPU
		{18406D42-B6C4-4701-B1A9-46BF30B044FE}.Release|Any CPU.Build.0 = Release|Any CPU
		{18406D42-B6C4-4701-B1A9-46BF30B044FE}.Release|ARM.ActiveCfg = Release|Any CPU
		{18406D42-B6C4-4701-B1A9-46BF30B044FE}.Release|ARM.Build.0 = Release|Any CPU
		{18406D42-B6C4-4701-B1A9-46BF30B044FE}.Release|iPhone.ActiveCfg = Release|Any CPU
		{18406D42-B6C4-4701-B1A9-46BF30B044FE}.Release|iPhone.Build.0 = Release|Any CPU
		{18406D42-B6C4-4701-B1A9-46BF30B044FE}.Release|iPhoneSimulator.ActiveCfg = Release|Any CPU
		{18406D42-B6C4-4701-B1A9-46BF30B044FE}.Release|iPhoneSimulator.Build.0 = Release|Any CPU
		{18406D42-B6C4-4701-B1A9-46BF30B044FE}.Release|x64.ActiveCfg = Release|Any CPU
		{18406D42-B6C4-4701-B1A9-46BF30B044FE}.Release|x64.Build.0 = Release|Any CPU
		{18406D42-B6C4-4701-B1A9-46BF30B044FE}.Release|x86.ActiveCfg = Release|Any CPU
		{18406D42-B6C4-4701-B1A9-46BF30B044FE}.Release|x86.Build.0 = Release|Any CPU
		{BA1A3A65-1E7E-45AA-8C2F-6795FD972CD2}.Debug|Any CPU.ActiveCfg = Debug|Any CPU
		{BA1A3A65-1E7E-45AA-8C2F-6795FD972CD2}.Debug|Any CPU.Build.0 = Debug|Any CPU
		{BA1A3A65-1E7E-45AA-8C2F-6795FD972CD2}.Debug|ARM.ActiveCfg = Debug|Any CPU
		{BA1A3A65-1E7E-45AA-8C2F-6795FD972CD2}.Debug|ARM.Build.0 = Debug|Any CPU
		{BA1A3A65-1E7E-45AA-8C2F-6795FD972CD2}.Debug|iPhone.ActiveCfg = Debug|Any CPU
		{BA1A3A65-1E7E-45AA-8C2F-6795FD972CD2}.Debug|iPhone.Build.0 = Debug|Any CPU
		{BA1A3A65-1E7E-45AA-8C2F-6795FD972CD2}.Debug|iPhoneSimulator.ActiveCfg = Debug|Any CPU
		{BA1A3A65-1E7E-45AA-8C2F-6795FD972CD2}.Debug|iPhoneSimulator.Build.0 = Debug|Any CPU
		{BA1A3A65-1E7E-45AA-8C2F-6795FD972CD2}.Debug|x64.ActiveCfg = Debug|Any CPU
		{BA1A3A65-1E7E-45AA-8C2F-6795FD972CD2}.Debug|x64.Build.0 = Debug|Any CPU
		{BA1A3A65-1E7E-45AA-8C2F-6795FD972CD2}.Debug|x86.ActiveCfg = Debug|Any CPU
		{BA1A3A65-1E7E-45AA-8C2F-6795FD972CD2}.Debug|x86.Build.0 = Debug|Any CPU
		{BA1A3A65-1E7E-45AA-8C2F-6795FD972CD2}.Release|Any CPU.ActiveCfg = Release|Any CPU
		{BA1A3A65-1E7E-45AA-8C2F-6795FD972CD2}.Release|Any CPU.Build.0 = Release|Any CPU
		{BA1A3A65-1E7E-45AA-8C2F-6795FD972CD2}.Release|ARM.ActiveCfg = Release|Any CPU
		{BA1A3A65-1E7E-45AA-8C2F-6795FD972CD2}.Release|ARM.Build.0 = Release|Any CPU
		{BA1A3A65-1E7E-45AA-8C2F-6795FD972CD2}.Release|iPhone.ActiveCfg = Release|Any CPU
		{BA1A3A65-1E7E-45AA-8C2F-6795FD972CD2}.Release|iPhone.Build.0 = Release|Any CPU
		{BA1A3A65-1E7E-45AA-8C2F-6795FD972CD2}.Release|iPhoneSimulator.ActiveCfg = Release|Any CPU
		{BA1A3A65-1E7E-45AA-8C2F-6795FD972CD2}.Release|iPhoneSimulator.Build.0 = Release|Any CPU
		{BA1A3A65-1E7E-45AA-8C2F-6795FD972CD2}.Release|x64.ActiveCfg = Release|Any CPU
		{BA1A3A65-1E7E-45AA-8C2F-6795FD972CD2}.Release|x64.Build.0 = Release|Any CPU
		{BA1A3A65-1E7E-45AA-8C2F-6795FD972CD2}.Release|x86.ActiveCfg = Release|Any CPU
		{BA1A3A65-1E7E-45AA-8C2F-6795FD972CD2}.Release|x86.Build.0 = Release|Any CPU
		{49C854DB-77F6-4C37-9126-4686C8E73D52}.Debug|Any CPU.ActiveCfg = Debug|x86
		{49C854DB-77F6-4C37-9126-4686C8E73D52}.Debug|ARM.ActiveCfg = Debug|ARM
		{49C854DB-77F6-4C37-9126-4686C8E73D52}.Debug|ARM.Build.0 = Debug|ARM
		{49C854DB-77F6-4C37-9126-4686C8E73D52}.Debug|ARM.Deploy.0 = Debug|ARM
		{49C854DB-77F6-4C37-9126-4686C8E73D52}.Debug|iPhone.ActiveCfg = Debug|x86
		{49C854DB-77F6-4C37-9126-4686C8E73D52}.Debug|iPhoneSimulator.ActiveCfg = Debug|x86
		{49C854DB-77F6-4C37-9126-4686C8E73D52}.Debug|x64.ActiveCfg = Debug|x64
		{49C854DB-77F6-4C37-9126-4686C8E73D52}.Debug|x64.Build.0 = Debug|x64
		{49C854DB-77F6-4C37-9126-4686C8E73D52}.Debug|x64.Deploy.0 = Debug|x64
		{49C854DB-77F6-4C37-9126-4686C8E73D52}.Debug|x86.ActiveCfg = Debug|x86
		{49C854DB-77F6-4C37-9126-4686C8E73D52}.Debug|x86.Build.0 = Debug|x86
		{49C854DB-77F6-4C37-9126-4686C8E73D52}.Debug|x86.Deploy.0 = Debug|x86
		{49C854DB-77F6-4C37-9126-4686C8E73D52}.Release|Any CPU.ActiveCfg = Release|x86
		{49C854DB-77F6-4C37-9126-4686C8E73D52}.Release|ARM.ActiveCfg = Release|ARM
		{49C854DB-77F6-4C37-9126-4686C8E73D52}.Release|ARM.Build.0 = Release|ARM
		{49C854DB-77F6-4C37-9126-4686C8E73D52}.Release|ARM.Deploy.0 = Release|ARM
		{49C854DB-77F6-4C37-9126-4686C8E73D52}.Release|iPhone.ActiveCfg = Release|x86
		{49C854DB-77F6-4C37-9126-4686C8E73D52}.Release|iPhoneSimulator.ActiveCfg = Release|x86
		{49C854DB-77F6-4C37-9126-4686C8E73D52}.Release|x64.ActiveCfg = Release|x64
		{49C854DB-77F6-4C37-9126-4686C8E73D52}.Release|x64.Build.0 = Release|x64
		{49C854DB-77F6-4C37-9126-4686C8E73D52}.Release|x64.Deploy.0 = Release|x64
		{49C854DB-77F6-4C37-9126-4686C8E73D52}.Release|x86.ActiveCfg = Release|x86
		{49C854DB-77F6-4C37-9126-4686C8E73D52}.Release|x86.Build.0 = Release|x86
		{49C854DB-77F6-4C37-9126-4686C8E73D52}.Release|x86.Deploy.0 = Release|x86
		{6444377C-074F-45B8-A7DE-5B5A760DF62D}.Debug|Any CPU.ActiveCfg = Debug|Any CPU
		{6444377C-074F-45B8-A7DE-5B5A760DF62D}.Debug|Any CPU.Build.0 = Debug|Any CPU
		{6444377C-074F-45B8-A7DE-5B5A760DF62D}.Debug|Any CPU.Deploy.0 = Debug|Any CPU
		{6444377C-074F-45B8-A7DE-5B5A760DF62D}.Debug|ARM.ActiveCfg = Debug|Any CPU
		{6444377C-074F-45B8-A7DE-5B5A760DF62D}.Debug|ARM.Build.0 = Debug|Any CPU
		{6444377C-074F-45B8-A7DE-5B5A760DF62D}.Debug|ARM.Deploy.0 = Debug|Any CPU
		{6444377C-074F-45B8-A7DE-5B5A760DF62D}.Debug|iPhone.ActiveCfg = Debug|Any CPU
		{6444377C-074F-45B8-A7DE-5B5A760DF62D}.Debug|iPhone.Build.0 = Debug|Any CPU
		{6444377C-074F-45B8-A7DE-5B5A760DF62D}.Debug|iPhone.Deploy.0 = Debug|Any CPU
		{6444377C-074F-45B8-A7DE-5B5A760DF62D}.Debug|iPhoneSimulator.ActiveCfg = Debug|Any CPU
		{6444377C-074F-45B8-A7DE-5B5A760DF62D}.Debug|iPhoneSimulator.Build.0 = Debug|Any CPU
		{6444377C-074F-45B8-A7DE-5B5A760DF62D}.Debug|iPhoneSimulator.Deploy.0 = Debug|Any CPU
		{6444377C-074F-45B8-A7DE-5B5A760DF62D}.Debug|x64.ActiveCfg = Debug|Any CPU
		{6444377C-074F-45B8-A7DE-5B5A760DF62D}.Debug|x64.Build.0 = Debug|Any CPU
		{6444377C-074F-45B8-A7DE-5B5A760DF62D}.Debug|x64.Deploy.0 = Debug|Any CPU
		{6444377C-074F-45B8-A7DE-5B5A760DF62D}.Debug|x86.ActiveCfg = Debug|Any CPU
		{6444377C-074F-45B8-A7DE-5B5A760DF62D}.Debug|x86.Build.0 = Debug|Any CPU
		{6444377C-074F-45B8-A7DE-5B5A760DF62D}.Debug|x86.Deploy.0 = Debug|Any CPU
		{6444377C-074F-45B8-A7DE-5B5A760DF62D}.Release|Any CPU.ActiveCfg = Release|Any CPU
		{6444377C-074F-45B8-A7DE-5B5A760DF62D}.Release|Any CPU.Build.0 = Release|Any CPU
		{6444377C-074F-45B8-A7DE-5B5A760DF62D}.Release|Any CPU.Deploy.0 = Release|Any CPU
		{6444377C-074F-45B8-A7DE-5B5A760DF62D}.Release|ARM.ActiveCfg = Release|Any CPU
		{6444377C-074F-45B8-A7DE-5B5A760DF62D}.Release|ARM.Build.0 = Release|Any CPU
		{6444377C-074F-45B8-A7DE-5B5A760DF62D}.Release|ARM.Deploy.0 = Release|Any CPU
		{6444377C-074F-45B8-A7DE-5B5A760DF62D}.Release|iPhone.ActiveCfg = Release|Any CPU
		{6444377C-074F-45B8-A7DE-5B5A760DF62D}.Release|iPhone.Build.0 = Release|Any CPU
		{6444377C-074F-45B8-A7DE-5B5A760DF62D}.Release|iPhone.Deploy.0 = Release|Any CPU
		{6444377C-074F-45B8-A7DE-5B5A760DF62D}.Release|iPhoneSimulator.ActiveCfg = Release|Any CPU
		{6444377C-074F-45B8-A7DE-5B5A760DF62D}.Release|iPhoneSimulator.Build.0 = Release|Any CPU
		{6444377C-074F-45B8-A7DE-5B5A760DF62D}.Release|iPhoneSimulator.Deploy.0 = Release|Any CPU
		{6444377C-074F-45B8-A7DE-5B5A760DF62D}.Release|x64.ActiveCfg = Release|Any CPU
		{6444377C-074F-45B8-A7DE-5B5A760DF62D}.Release|x64.Build.0 = Release|Any CPU
		{6444377C-074F-45B8-A7DE-5B5A760DF62D}.Release|x64.Deploy.0 = Release|Any CPU
		{6444377C-074F-45B8-A7DE-5B5A760DF62D}.Release|x86.ActiveCfg = Release|Any CPU
		{6444377C-074F-45B8-A7DE-5B5A760DF62D}.Release|x86.Build.0 = Release|Any CPU
		{6444377C-074F-45B8-A7DE-5B5A760DF62D}.Release|x86.Deploy.0 = Release|Any CPU
		{DEA08EF6-E25F-4F0E-B673-CE4901130903}.Debug|Any CPU.ActiveCfg = Debug|iPhone
		{DEA08EF6-E25F-4F0E-B673-CE4901130903}.Debug|ARM.ActiveCfg = Debug|iPhone
		{DEA08EF6-E25F-4F0E-B673-CE4901130903}.Debug|iPhone.ActiveCfg = Debug|iPhone
		{DEA08EF6-E25F-4F0E-B673-CE4901130903}.Debug|iPhone.Build.0 = Debug|iPhone
		{DEA08EF6-E25F-4F0E-B673-CE4901130903}.Debug|iPhoneSimulator.ActiveCfg = Debug|iPhoneSimulator
		{DEA08EF6-E25F-4F0E-B673-CE4901130903}.Debug|iPhoneSimulator.Build.0 = Debug|iPhoneSimulator
		{DEA08EF6-E25F-4F0E-B673-CE4901130903}.Debug|x64.ActiveCfg = Debug|iPhone
		{DEA08EF6-E25F-4F0E-B673-CE4901130903}.Debug|x86.ActiveCfg = Debug|iPhone
		{DEA08EF6-E25F-4F0E-B673-CE4901130903}.Release|Any CPU.ActiveCfg = Release|iPhone
		{DEA08EF6-E25F-4F0E-B673-CE4901130903}.Release|ARM.ActiveCfg = Release|iPhone
		{DEA08EF6-E25F-4F0E-B673-CE4901130903}.Release|iPhone.ActiveCfg = Release|iPhone
		{DEA08EF6-E25F-4F0E-B673-CE4901130903}.Release|iPhone.Build.0 = Release|iPhone
		{DEA08EF6-E25F-4F0E-B673-CE4901130903}.Release|iPhoneSimulator.ActiveCfg = Release|iPhoneSimulator
		{DEA08EF6-E25F-4F0E-B673-CE4901130903}.Release|iPhoneSimulator.Build.0 = Release|iPhoneSimulator
		{DEA08EF6-E25F-4F0E-B673-CE4901130903}.Release|x64.ActiveCfg = Release|iPhone
		{DEA08EF6-E25F-4F0E-B673-CE4901130903}.Release|x86.ActiveCfg = Release|iPhone
		{726715ED-EE78-407E-8596-CADC9990FFED}.Debug|Any CPU.ActiveCfg = Debug|Any CPU
		{726715ED-EE78-407E-8596-CADC9990FFED}.Debug|Any CPU.Build.0 = Debug|Any CPU
		{726715ED-EE78-407E-8596-CADC9990FFED}.Debug|ARM.ActiveCfg = Debug|Any CPU
		{726715ED-EE78-407E-8596-CADC9990FFED}.Debug|ARM.Build.0 = Debug|Any CPU
		{726715ED-EE78-407E-8596-CADC9990FFED}.Debug|iPhone.ActiveCfg = Debug|Any CPU
		{726715ED-EE78-407E-8596-CADC9990FFED}.Debug|iPhone.Build.0 = Debug|Any CPU
		{726715ED-EE78-407E-8596-CADC9990FFED}.Debug|iPhoneSimulator.ActiveCfg = Debug|Any CPU
		{726715ED-EE78-407E-8596-CADC9990FFED}.Debug|iPhoneSimulator.Build.0 = Debug|Any CPU
		{726715ED-EE78-407E-8596-CADC9990FFED}.Debug|x64.ActiveCfg = Debug|Any CPU
		{726715ED-EE78-407E-8596-CADC9990FFED}.Debug|x64.Build.0 = Debug|Any CPU
		{726715ED-EE78-407E-8596-CADC9990FFED}.Debug|x86.ActiveCfg = Debug|Any CPU
		{726715ED-EE78-407E-8596-CADC9990FFED}.Debug|x86.Build.0 = Debug|Any CPU
		{726715ED-EE78-407E-8596-CADC9990FFED}.Release|Any CPU.ActiveCfg = Release|Any CPU
		{726715ED-EE78-407E-8596-CADC9990FFED}.Release|Any CPU.Build.0 = Release|Any CPU
		{726715ED-EE78-407E-8596-CADC9990FFED}.Release|ARM.ActiveCfg = Release|Any CPU
		{726715ED-EE78-407E-8596-CADC9990FFED}.Release|ARM.Build.0 = Release|Any CPU
		{726715ED-EE78-407E-8596-CADC9990FFED}.Release|iPhone.ActiveCfg = Release|Any CPU
		{726715ED-EE78-407E-8596-CADC9990FFED}.Release|iPhone.Build.0 = Release|Any CPU
		{726715ED-EE78-407E-8596-CADC9990FFED}.Release|iPhoneSimulator.ActiveCfg = Release|Any CPU
		{726715ED-EE78-407E-8596-CADC9990FFED}.Release|iPhoneSimulator.Build.0 = Release|Any CPU
		{726715ED-EE78-407E-8596-CADC9990FFED}.Release|x64.ActiveCfg = Release|Any CPU
		{726715ED-EE78-407E-8596-CADC9990FFED}.Release|x64.Build.0 = Release|Any CPU
		{726715ED-EE78-407E-8596-CADC9990FFED}.Release|x86.ActiveCfg = Release|Any CPU
		{726715ED-EE78-407E-8596-CADC9990FFED}.Release|x86.Build.0 = Release|Any CPU
	EndGlobalSection
	GlobalSection(SolutionProperties) = preSolution
		HideSolutionNode = FALSE
	EndGlobalSection
	GlobalSection(NestedProjects) = preSolution
		{BA1A3A65-1E7E-45AA-8C2F-6795FD972CD2} = {46C66454-7249-4F96-B046-3A1DF20D13CB}
		{49C854DB-77F6-4C37-9126-4686C8E73D52} = {B91CD694-5CD0-4EB1-9011-BD112DB84581}
		{6444377C-074F-45B8-A7DE-5B5A760DF62D} = {B91CD694-5CD0-4EB1-9011-BD112DB84581}
		{DEA08EF6-E25F-4F0E-B673-CE4901130903} = {B91CD694-5CD0-4EB1-9011-BD112DB84581}
		{726715ED-EE78-407E-8596-CADC9990FFED} = {B91CD694-5CD0-4EB1-9011-BD112DB84581}
	EndGlobalSection
	GlobalSection(ExtensibilityGlobals) = postSolution
		SolutionGuid = {98F89065-5D60-4B20-9756-F781D3C4341E}
	EndGlobalSection
EndGlobal
